
Microsoft Visual Studio Solution File, Format Version 12.00
Project("{2150E333-8FDC-42A3-9474-1A3956D46DE8}") = "SolutionFolder", "SolutionFolder", "{7135D4C9-F034-4488-8550-E128F1F4AB24}"
ProjectSection(SolutionItems) = preProject
	.dockerignore = .dockerignore
	.gitignore = .gitignore
	skaffold.yaml = skaffold.yaml
EndProjectSection
EndProject
Project("{FAE04EC0-301F-11D3-BF4B-00C04F79EFBC}") = "ConsoleApp1", "ConsoleApp1\ConsoleApp1.csproj", "{F4BF6C21-31B1-4B72-A635-EF46FD41694B}"
EndProject
Global
	GlobalSection(SolutionConfigurationPlatforms) = preSolution
		Debug|Any CPU = Debug|Any CPU
		Release|Any CPU = Release|Any CPU
	EndGlobalSection
	GlobalSection(ProjectConfigurationPlatforms) = postSolution
		{F4BF6C21-31B1-4B72-A635-EF46FD41694B}.Debug|Any CPU.ActiveCfg = Debug|Any CPU
		{F4BF6C21-31B1-4B72-A635-EF46FD41694B}.Debug|Any CPU.Build.0 = Debug|Any CPU
		{F4BF6C21-31B1-4B72-A635-EF46FD41694B}.Release|Any CPU.ActiveCfg = Release|Any CPU
		{F4BF6C21-31B1-4B72-A635-EF46FD41694B}.Release|Any CPU.Build.0 = Release|Any CPU
	EndGlobalSection
EndGlobal
